
Microsoft Visual Studio Solution File, Format Version 12.00
# Visual Studio Version 16
VisualStudioVersion = 16.0.30204.135
MinimumVisualStudioVersion = 10.0.40219.1
Project("{9A19103F-16F7-4668-BE54-9A1E7A4F7556}") = "SalesWebMvc", "SalesWebMvc.csproj", "{E2B31C7A-FA64-46FD-933D-A6DEE09A7C3A}"
EndProject
Global
	GlobalSection(SolutionConfigurationPlatforms) = preSolution
		Debug|Any CPU = Debug|Any CPU
		Release|Any CPU = Release|Any CPU
	EndGlobalSection
	GlobalSection(ProjectConfigurationPlatforms) = postSolution
		{E2B31C7A-FA64-46FD-933D-A6DEE09A7C3A}.Debug|Any CPU.ActiveCfg = Debug|Any CPU
		{E2B31C7A-FA64-46FD-933D-A6DEE09A7C3A}.Debug|Any CPU.Build.0 = Debug|Any CPU
		{E2B31C7A-FA64-46FD-933D-A6DEE09A7C3A}.Release|Any CPU.ActiveCfg = Release|Any CPU
		{E2B31C7A-FA64-46FD-933D-A6DEE09A7C3A}.Release|Any CPU.Build.0 = Release|Any CPU
	EndGlobalSection
	GlobalSection(SolutionProperties) = preSolution
		HideSolutionNode = FALSE
	EndGlobalSection
	GlobalSection(ExtensibilityGlobals) = postSolution
		SolutionGuid = {87D0FB00-C8E2-41C9-AD73-2921D83A1D57}
	EndGlobalSection
EndGlobal
